
Microsoft Visual Studio Solution File, Format Version 12.00
# Visual Studio Version 17
VisualStudioVersion = 17.1.32210.238
MinimumVisualStudioVersion = 10.0.40219.1
Project("{FAE04EC0-301F-11D3-BF4B-00C04F79EFBC}") = "5.04.22", "5.04.22\5.04.22.csproj", "{C4715F84-3956-4AF6-A94C-BED0806912F4}"
EndProject
Global
	GlobalSection(SolutionConfigurationPlatforms) = preSolution
		Debug|Any CPU = Debug|Any CPU
		Release|Any CPU = Release|Any CPU
	EndGlobalSection
	GlobalSection(ProjectConfigurationPlatforms) = postSolution
		{C4715F84-3956-4AF6-A94C-BED0806912F4}.Debug|Any CPU.ActiveCfg = Debug|Any CPU
		{C4715F84-3956-4AF6-A94C-BED0806912F4}.Debug|Any CPU.Build.0 = Debug|Any CPU
		{C4715F84-3956-4AF6-A94C-BED0806912F4}.Release|Any CPU.ActiveCfg = Release|Any CPU
		{C4715F84-3956-4AF6-A94C-BED0806912F4}.Release|Any CPU.Build.0 = Release|Any CPU
	EndGlobalSection
	GlobalSection(SolutionProperties) = preSolution
		HideSolutionNode = FALSE
	EndGlobalSection
	GlobalSection(ExtensibilityGlobals) = postSolution
		SolutionGuid = {8C1B358C-D7FE-4CC5-BFE3-BA2FA2F4C166}
	EndGlobalSection
EndGlobal
